// !$*UTF8*$!
{
	archiveVersion = 1;
	classes = {
	};
	objectVersion = 55;
	objects = {

/* Begin PBXBuildFile section */
		E551F4B92813C79B005B6E8A /* AppDelegate.swift in Sources */ = {isa = PBXBuildFile; fileRef = E551F4B82813C79B005B6E8A /* AppDelegate.swift */; };
		E551F4BB2813C79B005B6E8A /* SceneDelegate.swift in Sources */ = {isa = PBXBuildFile; fileRef = E551F4BA2813C79B005B6E8A /* SceneDelegate.swift */; };
		E551F4BD2813C79B005B6E8A /* ViewController.swift in Sources */ = {isa = PBXBuildFile; fileRef = E551F4BC2813C79B005B6E8A /* ViewController.swift */; };
		E551F4C02813C79B005B6E8A /* Main.storyboard in Resources */ = {isa = PBXBuildFile; fileRef = E551F4BE2813C79B005B6E8A /* Main.storyboard */; };
		E551F4C22813C79B005B6E8A /* Assets.xcassets in Resources */ = {isa = PBXBuildFile; fileRef = E551F4C12813C79B005B6E8A /* Assets.xcassets */; };
		E551F4C52813C79B005B6E8A /* LaunchScreen.storyboard in Resources */ = {isa = PBXBuildFile; fileRef = E551F4C32813C79B005B6E8A /* LaunchScreen.storyboard */; };
		E551F4CE2813C7EA005B6E8A /* Sample.storyboard in Resources */ = {isa = PBXBuildFile; fileRef = E551F4CD2813C7EA005B6E8A /* Sample.storyboard */; };
		E551F4D02813C7FE005B6E8A /* SampleViewController.swift in Sources */ = {isa = PBXBuildFile; fileRef = E551F4CF2813C7FE005B6E8A /* SampleViewController.swift */; };
		E551F4D52813D019005B6E8A /* Delegate.storyboard in Resources */ = {isa = PBXBuildFile; fileRef = E551F4D42813D019005B6E8A /* Delegate.storyboard */; };
		E551F4D72813D027005B6E8A /* DelegateViewController.swift in Sources */ = {isa = PBXBuildFile; fileRef = E551F4D62813D027005B6E8A /* DelegateViewController.swift */; };
		E5FDEDF82813D836001D99BD /* SecondViewController.swift in Sources */ = {isa = PBXBuildFile; fileRef = E5FDEDF72813D836001D99BD /* SecondViewController.swift */; };
		E5FDEDFB2813DF05001D99BD /* TableViewPractice.storyboard in Resources */ = {isa = PBXBuildFile; fileRef = E5FDEDFA2813DF05001D99BD /* TableViewPractice.storyboard */; };
		E5FDEDFD2813DF19001D99BD /* TableViewPracticeViewController.swift in Sources */ = {isa = PBXBuildFile; fileRef = E5FDEDFC2813DF19001D99BD /* TableViewPracticeViewController.swift */; };
		E5FDEE002813DFB1001D99BD /* MusicTableViewCell.swift in Sources */ = {isa = PBXBuildFile; fileRef = E5FDEDFE2813DFB1001D99BD /* MusicTableViewCell.swift */; };
		E5FDEE012813DFB1001D99BD /* MusicTableViewCell.xib in Resources */ = {isa = PBXBuildFile; fileRef = E5FDEDFF2813DFB1001D99BD /* MusicTableViewCell.xib */; };
		E5FDEE032813E285001D99BD /* MusicDataModel.swift in Sources */ = {isa = PBXBuildFile; fileRef = E5FDEE022813E285001D99BD /* MusicDataModel.swift */; };
		E5FDEE062813EE5F001D99BD /* CollectionViewPractice.storyboard in Resources */ = {isa = PBXBuildFile; fileRef = E5FDEE052813EE5F001D99BD /* CollectionViewPractice.storyboard */; };
		E5FDEE102813EF51001D99BD /* CollectionViewPracticeViewController.swift in Sources */ = {isa = PBXBuildFile; fileRef = E5FDEE0F2813EF51001D99BD /* CollectionViewPracticeViewController.swift */; };
		E5FDEE132813F081001D99BD /* MusicCollectionViewCell.swift in Sources */ = {isa = PBXBuildFile; fileRef = E5FDEE112813F081001D99BD /* MusicCollectionViewCell.swift */; };
		E5FDEE142813F081001D99BD /* MusicCollectionViewCell.xib in Resources */ = {isa = PBXBuildFile; fileRef = E5FDEE122813F081001D99BD /* MusicCollectionViewCell.xib */; };
/* End PBXBuildFile section */

/* Begin PBXFileReference section */
		E551F4B52813C79B005B6E8A /* 3rd-seminar.app */ = {isa = PBXFileReference; explicitFileType = wrapper.application; includeInIndex = 0; path = "3rd-seminar.app"; sourceTree = BUILT_PRODUCTS_DIR; };
		E551F4B82813C79B005B6E8A /* AppDelegate.swift */ = {isa = PBXFileReference; lastKnownFileType = sourcecode.swift; path = AppDelegate.swift; sourceTree = "<group>"; };
		E551F4BA2813C79B005B6E8A /* SceneDelegate.swift */ = {isa = PBXFileReference; lastKnownFileType = sourcecode.swift; path = SceneDelegate.swift; sourceTree = "<group>"; };
		E551F4BC2813C79B005B6E8A /* ViewController.swift */ = {isa = PBXFileReference; lastKnownFileType = sourcecode.swift; path = ViewController.swift; sourceTree = "<group>"; };
		E551F4BF2813C79B005B6E8A /* Base */ = {isa = PBXFileReference; lastKnownFileType = file.storyboard; name = Base; path = Base.lproj/Main.storyboard; sourceTree = "<group>"; };
		E551F4C12813C79B005B6E8A /* Assets.xcassets */ = {isa = PBXFileReference; lastKnownFileType = folder.assetcatalog; path = Assets.xcassets; sourceTree = "<group>"; };
		E551F4C42813C79B005B6E8A /* Base */ = {isa = PBXFileReference; lastKnownFileType = file.storyboard; name = Base; path = Base.lproj/LaunchScreen.storyboard; sourceTree = "<group>"; };
		E551F4C62813C79B005B6E8A /* Info.plist */ = {isa = PBXFileReference; lastKnownFileType = text.plist.xml; path = Info.plist; sourceTree = "<group>"; };
		E551F4CD2813C7EA005B6E8A /* Sample.storyboard */ = {isa = PBXFileReference; lastKnownFileType = file.storyboard; path = Sample.storyboard; sourceTree = "<group>"; };
		E551F4CF2813C7FE005B6E8A /* SampleViewController.swift */ = {isa = PBXFileReference; lastKnownFileType = sourcecode.swift; path = SampleViewController.swift; sourceTree = "<group>"; };
		E551F4D42813D019005B6E8A /* Delegate.storyboard */ = {isa = PBXFileReference; lastKnownFileType = file.storyboard; path = Delegate.storyboard; sourceTree = "<group>"; };
		E551F4D62813D027005B6E8A /* DelegateViewController.swift */ = {isa = PBXFileReference; lastKnownFileType = sourcecode.swift; path = DelegateViewController.swift; sourceTree = "<group>"; };
		E5FDEDF72813D836001D99BD /* SecondViewController.swift */ = {isa = PBXFileReference; lastKnownFileType = sourcecode.swift; path = SecondViewController.swift; sourceTree = "<group>"; };
		E5FDEDFA2813DF05001D99BD /* TableViewPractice.storyboard */ = {isa = PBXFileReference; lastKnownFileType = file.storyboard; path = TableViewPractice.storyboard; sourceTree = "<group>"; };
		E5FDEDFC2813DF19001D99BD /* TableViewPracticeViewController.swift */ = {isa = PBXFileReference; lastKnownFileType = sourcecode.swift; path = TableViewPracticeViewController.swift; sourceTree = "<group>"; };
		E5FDEDFE2813DFB1001D99BD /* MusicTableViewCell.swift */ = {isa = PBXFileReference; lastKnownFileType = sourcecode.swift; path = MusicTableViewCell.swift; sourceTree = "<group>"; };
		E5FDEDFF2813DFB1001D99BD /* MusicTableViewCell.xib */ = {isa = PBXFileReference; lastKnownFileType = file.xib; path = MusicTableViewCell.xib; sourceTree = "<group>"; };
		E5FDEE022813E285001D99BD /* MusicDataModel.swift */ = {isa = PBXFileReference; lastKnownFileType = sourcecode.swift; path = MusicDataModel.swift; sourceTree = "<group>"; };
		E5FDEE052813EE5F001D99BD /* CollectionViewPractice.storyboard */ = {isa = PBXFileReference; lastKnownFileType = file.storyboard; path = CollectionViewPractice.storyboard; sourceTree = "<group>"; };
		E5FDEE0F2813EF51001D99BD /* CollectionViewPracticeViewController.swift */ = {isa = PBXFileReference; lastKnownFileType = sourcecode.swift; path = CollectionViewPracticeViewController.swift; sourceTree = "<group>"; };
		E5FDEE112813F081001D99BD /* MusicCollectionViewCell.swift */ = {isa = PBXFileReference; lastKnownFileType = sourcecode.swift; path = MusicCollectionViewCell.swift; sourceTree = "<group>"; };
		E5FDEE122813F081001D99BD /* MusicCollectionViewCell.xib */ = {isa = PBXFileReference; lastKnownFileType = file.xib; path = MusicCollectionViewCell.xib; sourceTree = "<group>"; };
/* End PBXFileReference section */

/* Begin PBXFrameworksBuildPhase section */
		E551F4B22813C79B005B6E8A /* Frameworks */ = {
			isa = PBXFrameworksBuildPhase;
			buildActionMask = 2147483647;
			files = (
			);
			runOnlyForDeploymentPostprocessing = 0;
		};
/* End PBXFrameworksBuildPhase section */

/* Begin PBXGroup section */
		E551F4AC2813C79B005B6E8A = {
			isa = PBXGroup;
			children = (
				E551F4B72813C79B005B6E8A /* 3rd-seminar */,
				E551F4B62813C79B005B6E8A /* Products */,
			);
			sourceTree = "<group>";
		};
		E551F4B62813C79B005B6E8A /* Products */ = {
			isa = PBXGroup;
			children = (
				E551F4B52813C79B005B6E8A /* 3rd-seminar.app */,
			);
			name = Products;
			sourceTree = "<group>";
		};
		E551F4B72813C79B005B6E8A /* 3rd-seminar */ = {
			isa = PBXGroup;
			children = (
				E5FDEE042813EE42001D99BD /* CollectionView */,
				E551F4D12813CFEE005B6E8A /* ㅇ */,
				E551F4CC2813C7CE005B6E8A /* Sample */,
				E551F4B82813C79B005B6E8A /* AppDelegate.swift */,
				E551F4BA2813C79B005B6E8A /* SceneDelegate.swift */,
				E551F4BC2813C79B005B6E8A /* ViewController.swift */,
				E551F4BE2813C79B005B6E8A /* Main.storyboard */,
				E5FDEDF92813DEF1001D99BD /* TableView */,
				E551F4C32813C79B005B6E8A /* LaunchScreen.storyboard */,
				E551F4C12813C79B005B6E8A /* Assets.xcassets */,
				E551F4C62813C79B005B6E8A /* Info.plist */,
			);
			path = "3rd-seminar";
			sourceTree = "<group>";
		};
		E551F4CC2813C7CE005B6E8A /* Sample */ = {
			isa = PBXGroup;
			children = (
				E551F4CD2813C7EA005B6E8A /* Sample.storyboard */,
				E551F4CF2813C7FE005B6E8A /* SampleViewController.swift */,
			);
			path = Sample;
			sourceTree = "<group>";
		};
		E551F4D12813CFEE005B6E8A /* ㅇ */ = {
			isa = PBXGroup;
			children = (
				E551F4D42813D019005B6E8A /* Delegate.storyboard */,
				E551F4D62813D027005B6E8A /* DelegateViewController.swift */,
				E5FDEDF72813D836001D99BD /* SecondViewController.swift */,
			);
			path = "ㅇ";
			sourceTree = "<group>";
		};
		E5FDEDF92813DEF1001D99BD /* TableView */ = {
			isa = PBXGroup;
			children = (
				E5FDEDFA2813DF05001D99BD /* TableViewPractice.storyboard */,
				E5FDEDFC2813DF19001D99BD /* TableViewPracticeViewController.swift */,
				E5FDEDFE2813DFB1001D99BD /* MusicTableViewCell.swift */,
				E5FDEDFF2813DFB1001D99BD /* MusicTableViewCell.xib */,
				E5FDEE022813E285001D99BD /* MusicDataModel.swift */,
			);
			path = TableView;
			sourceTree = "<group>";
		};
		E5FDEE042813EE42001D99BD /* CollectionView */ = {
			isa = PBXGroup;
			children = (
				E5FDEE052813EE5F001D99BD /* CollectionViewPractice.storyboard */,
				E5FDEE0F2813EF51001D99BD /* CollectionViewPracticeViewController.swift */,
				E5FDEE112813F081001D99BD /* MusicCollectionViewCell.swift */,
				E5FDEE122813F081001D99BD /* MusicCollectionViewCell.xib */,
			);
			path = CollectionView;
			sourceTree = "<group>";
		};
/* End PBXGroup section */

/* Begin PBXNativeTarget section */
		E551F4B42813C79B005B6E8A /* 3rd-seminar */ = {
			isa = PBXNativeTarget;
			buildConfigurationList = E551F4C92813C79B005B6E8A /* Build configuration list for PBXNativeTarget "3rd-seminar" */;
			buildPhases = (
				E551F4B12813C79B005B6E8A /* Sources */,
				E551F4B22813C79B005B6E8A /* Frameworks */,
				E551F4B32813C79B005B6E8A /* Resources */,
			);
			buildRules = (
			);
			dependencies = (
			);
			name = "3rd-seminar";
			productName = "3rd-seminar";
			productReference = E551F4B52813C79B005B6E8A /* 3rd-seminar.app */;
			productType = "com.apple.product-type.application";
		};
/* End PBXNativeTarget section */

/* Begin PBXProject section */
		E551F4AD2813C79B005B6E8A /* Project object */ = {
			isa = PBXProject;
			attributes = {
				BuildIndependentTargetsInParallel = 1;
				LastSwiftUpdateCheck = 1330;
				LastUpgradeCheck = 1330;
				TargetAttributes = {
					E551F4B42813C79B005B6E8A = {
						CreatedOnToolsVersion = 13.3;
					};
				};
			};
			buildConfigurationList = E551F4B02813C79B005B6E8A /* Build configuration list for PBXProject "3rd-seminar" */;
			compatibilityVersion = "Xcode 13.0";
			developmentRegion = en;
			hasScannedForEncodings = 0;
			knownRegions = (
				en,
				Base,
			);
			mainGroup = E551F4AC2813C79B005B6E8A;
			productRefGroup = E551F4B62813C79B005B6E8A /* Products */;
			projectDirPath = "";
			projectRoot = "";
			targets = (
				E551F4B42813C79B005B6E8A /* 3rd-seminar */,
			);
		};
/* End PBXProject section */

/* Begin PBXResourcesBuildPhase section */
		E551F4B32813C79B005B6E8A /* Resources */ = {
			isa = PBXResourcesBuildPhase;
			buildActionMask = 2147483647;
			files = (
				E551F4C52813C79B005B6E8A /* LaunchScreen.storyboard in Resources */,
				E5FDEE012813DFB1001D99BD /* MusicTableViewCell.xib in Resources */,
				E5FDEE142813F081001D99BD /* MusicCollectionViewCell.xib in Resources */,
				E551F4C22813C79B005B6E8A /* Assets.xcassets in Resources */,
				E551F4CE2813C7EA005B6E8A /* Sample.storyboard in Resources */,
				E551F4D52813D019005B6E8A /* Delegate.storyboard in Resources */,
				E551F4C02813C79B005B6E8A /* Main.storyboard in Resources */,
				E5FDEE062813EE5F001D99BD /* CollectionViewPractice.storyboard in Resources */,
				E5FDEDFB2813DF05001D99BD /* TableViewPractice.storyboard in Resources */,
			);
			runOnlyForDeploymentPostprocessing = 0;
		};
/* End PBXResourcesBuildPhase section */

/* Begin PBXSourcesBuildPhase section */
		E551F4B12813C79B005B6E8A /* Sources */ = {
			isa = PBXSourcesBuildPhase;
			buildActionMask = 2147483647;
			files = (
				E5FDEDF82813D836001D99BD /* SecondViewController.swift in Sources */,
				E5FDEDFD2813DF19001D99BD /* TableViewPracticeViewController.swift in Sources */,
				E5FDEE032813E285001D99BD /* MusicDataModel.swift in Sources */,
				E551F4D72813D027005B6E8A /* DelegateViewController.swift in Sources */,
				E551F4BD2813C79B005B6E8A /* ViewController.swift in Sources */,
				E5FDEE132813F081001D99BD /* MusicCollectionViewCell.swift in Sources */,
				E551F4B92813C79B005B6E8A /* AppDelegate.swift in Sources */,
				E551F4D02813C7FE005B6E8A /* SampleViewController.swift in Sources */,
				E551F4BB2813C79B005B6E8A /* SceneDelegate.swift in Sources */,
				E5FDEE102813EF51001D99BD /* CollectionViewPracticeViewController.swift in Sources */,
				E5FDEE002813DFB1001D99BD /* MusicTableViewCell.swift in Sources */,
			);
			runOnlyForDeploymentPostprocessing = 0;
		};
/* End PBXSourcesBuildPhase section */

/* Begin PBXVariantGroup section */
		E551F4BE2813C79B005B6E8A /* Main.storyboard */ = {
			isa = PBXVariantGroup;
			children = (
				E551F4BF2813C79B005B6E8A /* Base */,
			);
			name = Main.storyboard;
			sourceTree = "<group>";
		};
		E551F4C32813C79B005B6E8A /* LaunchScreen.storyboard */ = {
			isa = PBXVariantGroup;
			children = (
				E551F4C42813C79B005B6E8A /* Base */,
			);
			name = LaunchScreen.storyboard;
			sourceTree = "<group>";
		};
/* End PBXVariantGroup section */

/* Begin XCBuildConfiguration section */
		E551F4C72813C79B005B6E8A /* Debug */ = {
			isa = XCBuildConfiguration;
			buildSettings = {
				ALWAYS_SEARCH_USER_PATHS = NO;
				CLANG_ANALYZER_NONNULL = YES;
				CLANG_ANALYZER_NUMBER_OBJECT_CONVERSION = YES_AGGRESSIVE;
				CLANG_CXX_LANGUAGE_STANDARD = "gnu++17";
				CLANG_ENABLE_MODULES = YES;
				CLANG_ENABLE_OBJC_ARC = YES;
				CLANG_ENABLE_OBJC_WEAK = YES;
				CLANG_WARN_BLOCK_CAPTURE_AUTORELEASING = YES;
				CLANG_WARN_BOOL_CONVERSION = YES;
				CLANG_WARN_COMMA = YES;
				CLANG_WARN_CONSTANT_CONVERSION = YES;
				CLANG_WARN_DEPRECATED_OBJC_IMPLEMENTATIONS = YES;
				CLANG_WARN_DIRECT_OBJC_ISA_USAGE = YES_ERROR;
				CLANG_WARN_DOCUMENTATION_COMMENTS = YES;
				CLANG_WARN_EMPTY_BODY = YES;
				CLANG_WARN_ENUM_CONVERSION = YES;
				CLANG_WARN_INFINITE_RECURSION = YES;
				CLANG_WARN_INT_CONVERSION = YES;
				CLANG_WARN_NON_LITERAL_NULL_CONVERSION = YES;
				CLANG_WARN_OBJC_IMPLICIT_RETAIN_SELF = YES;
				CLANG_WARN_OBJC_LITERAL_CONVERSION = YES;
				CLANG_WARN_OBJC_ROOT_CLASS = YES_ERROR;
				CLANG_WARN_QUOTED_INCLUDE_IN_FRAMEWORK_HEADER = YES;
				CLANG_WARN_RANGE_LOOP_ANALYSIS = YES;
				CLANG_WARN_STRICT_PROTOTYPES = YES;
				CLANG_WARN_SUSPICIOUS_MOVE = YES;
				CLANG_WARN_UNGUARDED_AVAILABILITY = YES_AGGRESSIVE;
				CLANG_WARN_UNREACHABLE_CODE = YES;
				CLANG_WARN__DUPLICATE_METHOD_MATCH = YES;
				COPY_PHASE_STRIP = NO;
				DEBUG_INFORMATION_FORMAT = dwarf;
				ENABLE_STRICT_OBJC_MSGSEND = YES;
				ENABLE_TESTABILITY = YES;
				GCC_C_LANGUAGE_STANDARD = gnu11;
				GCC_DYNAMIC_NO_PIC = NO;
				GCC_NO_COMMON_BLOCKS = YES;
				GCC_OPTIMIZATION_LEVEL = 0;
				GCC_PREPROCESSOR_DEFINITIONS = (
					"DEBUG=1",
					"$(inherited)",
				);
				GCC_WARN_64_TO_32_BIT_CONVERSION = YES;
				GCC_WARN_ABOUT_RETURN_TYPE = YES_ERROR;
				GCC_WARN_UNDECLARED_SELECTOR = YES;
				GCC_WARN_UNINITIALIZED_AUTOS = YES_AGGRESSIVE;
				GCC_WARN_UNUSED_FUNCTION = YES;
				GCC_WARN_UNUSED_VARIABLE = YES;
				IPHONEOS_DEPLOYMENT_TARGET = 15.4;
				MTL_ENABLE_DEBUG_INFO = INCLUDE_SOURCE;
				MTL_FAST_MATH = YES;
				ONLY_ACTIVE_ARCH = YES;
				SDKROOT = iphoneos;
				SWIFT_ACTIVE_COMPILATION_CONDITIONS = DEBUG;
				SWIFT_OPTIMIZATION_LEVEL = "-Onone";
			};
			name = Debug;
		};
		E551F4C82813C79B005B6E8A /* Release */ = {
			isa = XCBuildConfiguration;
			buildSettings = {
				ALWAYS_SEARCH_USER_PATHS = NO;
				CLANG_ANALYZER_NONNULL = YES;
				CLANG_ANALYZER_NUMBER_OBJECT_CONVERSION = YES_AGGRESSIVE;
				CLANG_CXX_LANGUAGE_STANDARD = "gnu++17";
				CLANG_ENABLE_MODULES = YES;
				CLANG_ENABLE_OBJC_ARC = YES;
				CLANG_ENABLE_OBJC_WEAK = YES;
				CLANG_WARN_BLOCK_CAPTURE_AUTORELEASING = YES;
				CLANG_WARN_BOOL_CONVERSION = YES;
				CLANG_WARN_COMMA = YES;
				CLANG_WARN_CONSTANT_CONVERSION = YES;
				CLANG_WARN_DEPRECATED_OBJC_IMPLEMENTATIONS = YES;
				CLANG_WARN_DIRECT_OBJC_ISA_USAGE = YES_ERROR;
				CLANG_WARN_DOCUMENTATION_COMMENTS = YES;
				CLANG_WARN_EMPTY_BODY = YES;
				CLANG_WARN_ENUM_CONVERSION = YES;
				CLANG_WARN_INFINITE_RECURSION = YES;
				CLANG_WARN_INT_CONVERSION = YES;
				CLANG_WARN_NON_LITERAL_NULL_CONVERSION = YES;
				CLANG_WARN_OBJC_IMPLICIT_RETAIN_SELF = YES;
				CLANG_WARN_OBJC_LITERAL_CONVERSION = YES;
				CLANG_WARN_OBJC_ROOT_CLASS = YES_ERROR;
				CLANG_WARN_QUOTED_INCLUDE_IN_FRAMEWORK_HEADER = YES;
				CLANG_WARN_RANGE_LOOP_ANALYSIS = YES;
				CLANG_WARN_STRICT_PROTOTYPES = YES;
				CLANG_WARN_SUSPICIOUS_MOVE = YES;
				CLANG_WARN_UNGUARDED_AVAILABILITY = YES_AGGRESSIVE;
				CLANG_WARN_UNREACHABLE_CODE = YES;
				CLANG_WARN__DUPLICATE_METHOD_MATCH = YES;
				COPY_PHASE_STRIP = NO;
				DEBUG_INFORMATION_FORMAT = "dwarf-with-dsym";
				ENABLE_NS_ASSERTIONS = NO;
				ENABLE_STRICT_OBJC_MSGSEND = YES;
				GCC_C_LANGUAGE_STANDARD = gnu11;
				GCC_NO_COMMON_BLOCKS = YES;
				GCC_WARN_64_TO_32_BIT_CONVERSION = YES;
				GCC_WARN_ABOUT_RETURN_TYPE = YES_ERROR;
				GCC_WARN_UNDECLARED_SELECTOR = YES;
				GCC_WARN_UNINITIALIZED_AUTOS = YES_AGGRESSIVE;
				GCC_WARN_UNUSED_FUNCTION = YES;
				GCC_WARN_UNUSED_VARIABLE = YES;
				IPHONEOS_DEPLOYMENT_TARGET = 15.4;
				MTL_ENABLE_DEBUG_INFO = NO;
				MTL_FAST_MATH = YES;
				SDKROOT = iphoneos;
				SWIFT_COMPILATION_MODE = wholemodule;
				SWIFT_OPTIMIZATION_LEVEL = "-O";
				VALIDATE_PRODUCT = YES;
			};
			name = Release;
		};
		E551F4CA2813C79B005B6E8A /* Debug */ = {
			isa = XCBuildConfiguration;
			buildSettings = {
				ASSETCATALOG_COMPILER_APPICON_NAME = AppIcon;
				ASSETCATALOG_COMPILER_GLOBAL_ACCENT_COLOR_NAME = AccentColor;
				CODE_SIGN_STYLE = Automatic;
				CURRENT_PROJECT_VERSION = 1;
				DEVELOPMENT_TEAM = D77KYW7R36;
				GENERATE_INFOPLIST_FILE = YES;
				INFOPLIST_FILE = "3rd-seminar/Info.plist";
				INFOPLIST_KEY_UIApplicationSupportsIndirectInputEvents = YES;
				INFOPLIST_KEY_UILaunchStoryboardName = LaunchScreen;
				INFOPLIST_KEY_UIMainStoryboardFile = Main;
				INFOPLIST_KEY_UISupportedInterfaceOrientations_iPad = "UIInterfaceOrientationPortrait UIInterfaceOrientationPortraitUpsideDown UIInterfaceOrientationLandscapeLeft UIInterfaceOrientationLandscapeRight";
				INFOPLIST_KEY_UISupportedInterfaceOrientations_iPhone = "UIInterfaceOrientationPortrait UIInterfaceOrientationLandscapeLeft UIInterfaceOrientationLandscapeRight";
				LD_RUNPATH_SEARCH_PATHS = (
					"$(inherited)",
					"@executable_path/Frameworks",
				);
				MARKETING_VERSION = 1.0;
				PRODUCT_BUNDLE_IDENTIFIER = "org.sopt.-rd-seminar";
				PRODUCT_NAME = "$(TARGET_NAME)";
				SWIFT_EMIT_LOC_STRINGS = YES;
				SWIFT_VERSION = 5.0;
				TARGETED_DEVICE_FAMILY = "1,2";
			};
			name = Debug;
		};
		E551F4CB2813C79B005B6E8A /* Release */ = {
			isa = XCBuildConfiguration;
			buildSettings = {
				ASSETCATALOG_COMPILER_APPICON_NAME = AppIcon;
				ASSETCATALOG_COMPILER_GLOBAL_ACCENT_COLOR_NAME = AccentColor;
				CODE_SIGN_STYLE = Automatic;
				CURRENT_PROJECT_VERSION = 1;
				DEVELOPMENT_TEAM = D77KYW7R36;
				GENERATE_INFOPLIST_FILE = YES;
				INFOPLIST_FILE = "3rd-seminar/Info.plist";
				INFOPLIST_KEY_UIApplicationSupportsIndirectInputEvents = YES;
				INFOPLIST_KEY_UILaunchStoryboardName = LaunchScreen;
				INFOPLIST_KEY_UIMainStoryboardFile = Main;
				INFOPLIST_KEY_UISupportedInterfaceOrientations_iPad = "UIInterfaceOrientationPortrait UIInterfaceOrientationPortraitUpsideDown UIInterfaceOrientationLandscapeLeft UIInterfaceOrientationLandscapeRight";
				INFOPLIST_KEY_UISupportedInterfaceOrientations_iPhone = "UIInterfaceOrientationPortrait UIInterfaceOrientationLandscapeLeft UIInterfaceOrientationLandscapeRight";
				LD_RUNPATH_SEARCH_PATHS = (
					"$(inherited)",
					"@executable_path/Frameworks",
				);
				MARKETING_VERSION = 1.0;
				PRODUCT_BUNDLE_IDENTIFIER = "org.sopt.-rd-seminar";
				PRODUCT_NAME = "$(TARGET_NAME)";
				SWIFT_EMIT_LOC_STRINGS = YES;
				SWIFT_VERSION = 5.0;
				TARGETED_DEVICE_FAMILY = "1,2";
			};
			name = Release;
		};
/* End XCBuildConfiguration section */

/* Begin XCConfigurationList section */
		E551F4B02813C79B005B6E8A /* Build configuration list for PBXProject "3rd-seminar" */ = {
			isa = XCConfigurationList;
			buildConfigurations = (
				E551F4C72813C79B005B6E8A /* Debug */,
				E551F4C82813C79B005B6E8A /* Release */,
			);
			defaultConfigurationIsVisible = 0;
			defaultConfigurationName = Release;
		};
		E551F4C92813C79B005B6E8A /* Build configuration list for PBXNativeTarget "3rd-seminar" */ = {
			isa = XCConfigurationList;
			buildConfigurations = (
				E551F4CA2813C79B005B6E8A /* Debug */,
				E551F4CB2813C79B005B6E8A /* Release */,
			);
			defaultConfigurationIsVisible = 0;
			defaultConfigurationName = Release;
		};
/* End XCConfigurationList section */
	};
	rootObject = E551F4AD2813C79B005B6E8A /* Project object */;
}
