// !$*UTF8*$!
{
	archiveVersion = 1;
	classes = {
	};
	objectVersion = 55;
	objects = {

/* Begin PBXBuildFile section */
		E505591A281A7C9B008AED6C /* Const.swift in Sources */ = {isa = PBXBuildFile; fileRef = E5055919281A7C9B008AED6C /* Const.swift */; };
		E505591F281A7CD5008AED6C /* Storyboard.swift in Sources */ = {isa = PBXBuildFile; fileRef = E505591E281A7CD5008AED6C /* Storyboard.swift */; };
		E5055921281A7CED008AED6C /* ViewController.swift in Sources */ = {isa = PBXBuildFile; fileRef = E5055920281A7CED008AED6C /* ViewController.swift */; };
		E5055923281A7CF8008AED6C /* Color.swift in Sources */ = {isa = PBXBuildFile; fileRef = E5055922281A7CF8008AED6C /* Color.swift */; };
		E5055928281A7D63008AED6C /* Image.swift in Sources */ = {isa = PBXBuildFile; fileRef = E5055927281A7D63008AED6C /* Image.swift */; };
		E508F19528031A78009C4A36 /* SignInFirstViewController.swift in Sources */ = {isa = PBXBuildFile; fileRef = E508F19428031A78009C4A36 /* SignInFirstViewController.swift */; };
		E508F19728034E7D009C4A36 /* SignInSecondViewController.swift in Sources */ = {isa = PBXBuildFile; fileRef = E508F19628034E7D009C4A36 /* SignInSecondViewController.swift */; };
		E508F19928035963009C4A36 /* CompleteViewController.swift in Sources */ = {isa = PBXBuildFile; fileRef = E508F19828035963009C4A36 /* CompleteViewController.swift */; };
		E54498B827FF665400066D6A /* AppDelegate.swift in Sources */ = {isa = PBXBuildFile; fileRef = E54498B727FF665400066D6A /* AppDelegate.swift */; };
		E54498BA27FF665400066D6A /* SceneDelegate.swift in Sources */ = {isa = PBXBuildFile; fileRef = E54498B927FF665400066D6A /* SceneDelegate.swift */; };
		E54498BC27FF665400066D6A /* ViewController.swift in Sources */ = {isa = PBXBuildFile; fileRef = E54498BB27FF665400066D6A /* ViewController.swift */; };
		E54498BF27FF665400066D6A /* Main.storyboard in Resources */ = {isa = PBXBuildFile; fileRef = E54498BD27FF665400066D6A /* Main.storyboard */; };
		E54498C127FF665500066D6A /* Assets.xcassets in Resources */ = {isa = PBXBuildFile; fileRef = E54498C027FF665500066D6A /* Assets.xcassets */; };
		E54498C427FF665500066D6A /* LaunchScreen.storyboard in Resources */ = {isa = PBXBuildFile; fileRef = E54498C227FF665500066D6A /* LaunchScreen.storyboard */; };
/* End PBXBuildFile section */

/* Begin PBXFileReference section */
		E5055919281A7C9B008AED6C /* Const.swift */ = {isa = PBXFileReference; lastKnownFileType = sourcecode.swift; path = Const.swift; sourceTree = "<group>"; };
		E505591E281A7CD5008AED6C /* Storyboard.swift */ = {isa = PBXFileReference; lastKnownFileType = sourcecode.swift; path = Storyboard.swift; sourceTree = "<group>"; };
		E5055920281A7CED008AED6C /* ViewController.swift */ = {isa = PBXFileReference; lastKnownFileType = sourcecode.swift; path = ViewController.swift; sourceTree = "<group>"; };
		E5055922281A7CF8008AED6C /* Color.swift */ = {isa = PBXFileReference; lastKnownFileType = sourcecode.swift; path = Color.swift; sourceTree = "<group>"; };
		E5055927281A7D63008AED6C /* Image.swift */ = {isa = PBXFileReference; lastKnownFileType = sourcecode.swift; path = Image.swift; sourceTree = "<group>"; };
		E508F19428031A78009C4A36 /* SignInFirstViewController.swift */ = {isa = PBXFileReference; lastKnownFileType = sourcecode.swift; path = SignInFirstViewController.swift; sourceTree = "<group>"; };
		E508F19628034E7D009C4A36 /* SignInSecondViewController.swift */ = {isa = PBXFileReference; lastKnownFileType = sourcecode.swift; path = SignInSecondViewController.swift; sourceTree = "<group>"; };
		E508F19828035963009C4A36 /* CompleteViewController.swift */ = {isa = PBXFileReference; lastKnownFileType = sourcecode.swift; path = CompleteViewController.swift; sourceTree = "<group>"; };
		E54498B427FF665400066D6A /* SUA-Instagram.app */ = {isa = PBXFileReference; explicitFileType = wrapper.application; includeInIndex = 0; path = "SUA-Instagram.app"; sourceTree = BUILT_PRODUCTS_DIR; };
		E54498B727FF665400066D6A /* AppDelegate.swift */ = {isa = PBXFileReference; lastKnownFileType = sourcecode.swift; path = AppDelegate.swift; sourceTree = "<group>"; };
		E54498B927FF665400066D6A /* SceneDelegate.swift */ = {isa = PBXFileReference; lastKnownFileType = sourcecode.swift; path = SceneDelegate.swift; sourceTree = "<group>"; };
		E54498BB27FF665400066D6A /* ViewController.swift */ = {isa = PBXFileReference; lastKnownFileType = sourcecode.swift; path = ViewController.swift; sourceTree = "<group>"; };
		E54498BE27FF665400066D6A /* Base */ = {isa = PBXFileReference; lastKnownFileType = file.storyboard; name = Base; path = Base.lproj/Main.storyboard; sourceTree = "<group>"; };
		E54498C027FF665500066D6A /* Assets.xcassets */ = {isa = PBXFileReference; lastKnownFileType = folder.assetcatalog; path = Assets.xcassets; sourceTree = "<group>"; };
		E54498C327FF665500066D6A /* Base */ = {isa = PBXFileReference; lastKnownFileType = file.storyboard; name = Base; path = Base.lproj/LaunchScreen.storyboard; sourceTree = "<group>"; };
		E54498C527FF665500066D6A /* Info.plist */ = {isa = PBXFileReference; lastKnownFileType = text.plist.xml; path = Info.plist; sourceTree = "<group>"; };
/* End PBXFileReference section */

/* Begin PBXFrameworksBuildPhase section */
		E54498B127FF665400066D6A /* Frameworks */ = {
			isa = PBXFrameworksBuildPhase;
			buildActionMask = 2147483647;
			files = (
			);
			runOnlyForDeploymentPostprocessing = 0;
		};
/* End PBXFrameworksBuildPhase section */

/* Begin PBXGroup section */
		E5055918281A7C58008AED6C /* Constants */ = {
			isa = PBXGroup;
			children = (
				E5055919281A7C9B008AED6C /* Const.swift */,
				E5055927281A7D63008AED6C /* Image.swift */,
				E505591E281A7CD5008AED6C /* Storyboard.swift */,
				E5055920281A7CED008AED6C /* ViewController.swift */,
				E5055922281A7CF8008AED6C /* Color.swift */,
			);
			path = Constants;
			sourceTree = "<group>";
		};
		E505592A281A7DE5008AED6C /* Controllers */ = {
			isa = PBXGroup;
			children = (
			);
			path = Controllers;
			sourceTree = "<group>";
		};
		E505592B281A7DF2008AED6C /* Extensions */ = {
			isa = PBXGroup;
			children = (
			);
			path = Extensions;
			sourceTree = "<group>";
		};
		E505592C281A7E03008AED6C /* View */ = {
			isa = PBXGroup;
			children = (
			);
			path = View;
			sourceTree = "<group>";
		};
		E54498AB27FF665400066D6A = {
			isa = PBXGroup;
			children = (
				E54498B627FF665400066D6A /* SUA-Instagram */,
				E54498B527FF665400066D6A /* Products */,
			);
			sourceTree = "<group>";
		};
		E54498B527FF665400066D6A /* Products */ = {
			isa = PBXGroup;
			children = (
				E54498B427FF665400066D6A /* SUA-Instagram.app */,
			);
			name = Products;
			sourceTree = "<group>";
		};
		E54498B627FF665400066D6A /* SUA-Instagram */ = {
			isa = PBXGroup;
			children = (
				E505592C281A7E03008AED6C /* View */,
				E505592B281A7DF2008AED6C /* Extensions */,
				E505592A281A7DE5008AED6C /* Controllers */,
				E5055918281A7C58008AED6C /* Constants */,
				E54498B727FF665400066D6A /* AppDelegate.swift */,
				E54498B927FF665400066D6A /* SceneDelegate.swift */,
				E54498C027FF665500066D6A /* Assets.xcassets */,
				E54498C227FF665500066D6A /* LaunchScreen.storyboard */,
				E54498C527FF665500066D6A /* Info.plist */,
				E54498BD27FF665400066D6A /* Main.storyboard */,
				E54498BB27FF665400066D6A /* ViewController.swift */,
				E508F19428031A78009C4A36 /* SignInFirstViewController.swift */,
				E508F19628034E7D009C4A36 /* SignInSecondViewController.swift */,
				E508F19828035963009C4A36 /* CompleteViewController.swift */,
			);
			path = "SUA-Instagram";
			sourceTree = "<group>";
		};
/* End PBXGroup section */

/* Begin PBXNativeTarget section */
		E54498B327FF665400066D6A /* SUA-Instagram */ = {
			isa = PBXNativeTarget;
			buildConfigurationList = E54498C827FF665500066D6A /* Build configuration list for PBXNativeTarget "SUA-Instagram" */;
			buildPhases = (
				E54498B027FF665400066D6A /* Sources */,
				E54498B127FF665400066D6A /* Frameworks */,
				E54498B227FF665400066D6A /* Resources */,
			);
			buildRules = (
			);
			dependencies = (
			);
			name = "SUA-Instagram";
			productName = "SUA-Instagram";
			productReference = E54498B427FF665400066D6A /* SUA-Instagram.app */;
			productType = "com.apple.product-type.application";
		};
/* End PBXNativeTarget section */

/* Begin PBXProject section */
		E54498AC27FF665400066D6A /* Project object */ = {
			isa = PBXProject;
			attributes = {
				BuildIndependentTargetsInParallel = 1;
				LastSwiftUpdateCheck = 1330;
				LastUpgradeCheck = 1330;
				TargetAttributes = {
					E54498B327FF665400066D6A = {
						CreatedOnToolsVersion = 13.3;
					};
				};
			};
			buildConfigurationList = E54498AF27FF665400066D6A /* Build configuration list for PBXProject "SUA-Instagram" */;
			compatibilityVersion = "Xcode 13.0";
			developmentRegion = en;
			hasScannedForEncodings = 0;
			knownRegions = (
				en,
				Base,
			);
			mainGroup = E54498AB27FF665400066D6A;
			productRefGroup = E54498B527FF665400066D6A /* Products */;
			projectDirPath = "";
			projectRoot = "";
			targets = (
				E54498B327FF665400066D6A /* SUA-Instagram */,
			);
		};
/* End PBXProject section */

/* Begin PBXResourcesBuildPhase section */
		E54498B227FF665400066D6A /* Resources */ = {
			isa = PBXResourcesBuildPhase;
			buildActionMask = 2147483647;
			files = (
				E54498C427FF665500066D6A /* LaunchScreen.storyboard in Resources */,
				E54498C127FF665500066D6A /* Assets.xcassets in Resources */,
				E54498BF27FF665400066D6A /* Main.storyboard in Resources */,
			);
			runOnlyForDeploymentPostprocessing = 0;
		};
/* End PBXResourcesBuildPhase section */

/* Begin PBXSourcesBuildPhase section */
		E54498B027FF665400066D6A /* Sources */ = {
			isa = PBXSourcesBuildPhase;
			buildActionMask = 2147483647;
			files = (
				E5055921281A7CED008AED6C /* ViewController.swift in Sources */,
				E508F19728034E7D009C4A36 /* SignInSecondViewController.swift in Sources */,
				E5055923281A7CF8008AED6C /* Color.swift in Sources */,
				E54498BC27FF665400066D6A /* ViewController.swift in Sources */,
				E508F19528031A78009C4A36 /* SignInFirstViewController.swift in Sources */,
				E54498B827FF665400066D6A /* AppDelegate.swift in Sources */,
				E54498BA27FF665400066D6A /* SceneDelegate.swift in Sources */,
				E508F19928035963009C4A36 /* CompleteViewController.swift in Sources */,
				E505591F281A7CD5008AED6C /* Storyboard.swift in Sources */,
				E5055928281A7D63008AED6C /* Image.swift in Sources */,
				E505591A281A7C9B008AED6C /* Const.swift in Sources */,
			);
			runOnlyForDeploymentPostprocessing = 0;
		};
/* End PBXSourcesBuildPhase section */

/* Begin PBXVariantGroup section */
		E54498BD27FF665400066D6A /* Main.storyboard */ = {
			isa = PBXVariantGroup;
			children = (
				E54498BE27FF665400066D6A /* Base */,
			);
			name = Main.storyboard;
			sourceTree = "<group>";
		};
		E54498C227FF665500066D6A /* LaunchScreen.storyboard */ = {
			isa = PBXVariantGroup;
			children = (
				E54498C327FF665500066D6A /* Base */,
			);
			name = LaunchScreen.storyboard;
			sourceTree = "<group>";
		};
/* End PBXVariantGroup section */

/* Begin XCBuildConfiguration section */
		E54498C627FF665500066D6A /* Debug */ = {
			isa = XCBuildConfiguration;
			buildSettings = {
				ALWAYS_SEARCH_USER_PATHS = NO;
				CLANG_ANALYZER_NONNULL = YES;
				CLANG_ANALYZER_NUMBER_OBJECT_CONVERSION = YES_AGGRESSIVE;
				CLANG_CXX_LANGUAGE_STANDARD = "gnu++17";
				CLANG_ENABLE_MODULES = YES;
				CLANG_ENABLE_OBJC_ARC = YES;
				CLANG_ENABLE_OBJC_WEAK = YES;
				CLANG_WARN_BLOCK_CAPTURE_AUTORELEASING = YES;
				CLANG_WARN_BOOL_CONVERSION = YES;
				CLANG_WARN_COMMA = YES;
				CLANG_WARN_CONSTANT_CONVERSION = YES;
				CLANG_WARN_DEPRECATED_OBJC_IMPLEMENTATIONS = YES;
				CLANG_WARN_DIRECT_OBJC_ISA_USAGE = YES_ERROR;
				CLANG_WARN_DOCUMENTATION_COMMENTS = YES;
				CLANG_WARN_EMPTY_BODY = YES;
				CLANG_WARN_ENUM_CONVERSION = YES;
				CLANG_WARN_INFINITE_RECURSION = YES;
				CLANG_WARN_INT_CONVERSION = YES;
				CLANG_WARN_NON_LITERAL_NULL_CONVERSION = YES;
				CLANG_WARN_OBJC_IMPLICIT_RETAIN_SELF = YES;
				CLANG_WARN_OBJC_LITERAL_CONVERSION = YES;
				CLANG_WARN_OBJC_ROOT_CLASS = YES_ERROR;
				CLANG_WARN_QUOTED_INCLUDE_IN_FRAMEWORK_HEADER = YES;
				CLANG_WARN_RANGE_LOOP_ANALYSIS = YES;
				CLANG_WARN_STRICT_PROTOTYPES = YES;
				CLANG_WARN_SUSPICIOUS_MOVE = YES;
				CLANG_WARN_UNGUARDED_AVAILABILITY = YES_AGGRESSIVE;
				CLANG_WARN_UNREACHABLE_CODE = YES;
				CLANG_WARN__DUPLICATE_METHOD_MATCH = YES;
				COPY_PHASE_STRIP = NO;
				DEBUG_INFORMATION_FORMAT = dwarf;
				ENABLE_STRICT_OBJC_MSGSEND = YES;
				ENABLE_TESTABILITY = YES;
				GCC_C_LANGUAGE_STANDARD = gnu11;
				GCC_DYNAMIC_NO_PIC = NO;
				GCC_NO_COMMON_BLOCKS = YES;
				GCC_OPTIMIZATION_LEVEL = 0;
				GCC_PREPROCESSOR_DEFINITIONS = (
					"DEBUG=1",
					"$(inherited)",
				);
				GCC_WARN_64_TO_32_BIT_CONVERSION = YES;
				GCC_WARN_ABOUT_RETURN_TYPE = YES_ERROR;
				GCC_WARN_UNDECLARED_SELECTOR = YES;
				GCC_WARN_UNINITIALIZED_AUTOS = YES_AGGRESSIVE;
				GCC_WARN_UNUSED_FUNCTION = YES;
				GCC_WARN_UNUSED_VARIABLE = YES;
				IPHONEOS_DEPLOYMENT_TARGET = 15.4;
				MTL_ENABLE_DEBUG_INFO = INCLUDE_SOURCE;
				MTL_FAST_MATH = YES;
				ONLY_ACTIVE_ARCH = YES;
				SDKROOT = iphoneos;
				SWIFT_ACTIVE_COMPILATION_CONDITIONS = DEBUG;
				SWIFT_OPTIMIZATION_LEVEL = "-Onone";
			};
			name = Debug;
		};
		E54498C727FF665500066D6A /* Release */ = {
			isa = XCBuildConfiguration;
			buildSettings = {
				ALWAYS_SEARCH_USER_PATHS = NO;
				CLANG_ANALYZER_NONNULL = YES;
				CLANG_ANALYZER_NUMBER_OBJECT_CONVERSION = YES_AGGRESSIVE;
				CLANG_CXX_LANGUAGE_STANDARD = "gnu++17";
				CLANG_ENABLE_MODULES = YES;
				CLANG_ENABLE_OBJC_ARC = YES;
				CLANG_ENABLE_OBJC_WEAK = YES;
				CLANG_WARN_BLOCK_CAPTURE_AUTORELEASING = YES;
				CLANG_WARN_BOOL_CONVERSION = YES;
				CLANG_WARN_COMMA = YES;
				CLANG_WARN_CONSTANT_CONVERSION = YES;
				CLANG_WARN_DEPRECATED_OBJC_IMPLEMENTATIONS = YES;
				CLANG_WARN_DIRECT_OBJC_ISA_USAGE = YES_ERROR;
				CLANG_WARN_DOCUMENTATION_COMMENTS = YES;
				CLANG_WARN_EMPTY_BODY = YES;
				CLANG_WARN_ENUM_CONVERSION = YES;
				CLANG_WARN_INFINITE_RECURSION = YES;
				CLANG_WARN_INT_CONVERSION = YES;
				CLANG_WARN_NON_LITERAL_NULL_CONVERSION = YES;
				CLANG_WARN_OBJC_IMPLICIT_RETAIN_SELF = YES;
				CLANG_WARN_OBJC_LITERAL_CONVERSION = YES;
				CLANG_WARN_OBJC_ROOT_CLASS = YES_ERROR;
				CLANG_WARN_QUOTED_INCLUDE_IN_FRAMEWORK_HEADER = YES;
				CLANG_WARN_RANGE_LOOP_ANALYSIS = YES;
				CLANG_WARN_STRICT_PROTOTYPES = YES;
				CLANG_WARN_SUSPICIOUS_MOVE = YES;
				CLANG_WARN_UNGUARDED_AVAILABILITY = YES_AGGRESSIVE;
				CLANG_WARN_UNREACHABLE_CODE = YES;
				CLANG_WARN__DUPLICATE_METHOD_MATCH = YES;
				COPY_PHASE_STRIP = NO;
				DEBUG_INFORMATION_FORMAT = "dwarf-with-dsym";
				ENABLE_NS_ASSERTIONS = NO;
				ENABLE_STRICT_OBJC_MSGSEND = YES;
				GCC_C_LANGUAGE_STANDARD = gnu11;
				GCC_NO_COMMON_BLOCKS = YES;
				GCC_WARN_64_TO_32_BIT_CONVERSION = YES;
				GCC_WARN_ABOUT_RETURN_TYPE = YES_ERROR;
				GCC_WARN_UNDECLARED_SELECTOR = YES;
				GCC_WARN_UNINITIALIZED_AUTOS = YES_AGGRESSIVE;
				GCC_WARN_UNUSED_FUNCTION = YES;
				GCC_WARN_UNUSED_VARIABLE = YES;
				IPHONEOS_DEPLOYMENT_TARGET = 15.4;
				MTL_ENABLE_DEBUG_INFO = NO;
				MTL_FAST_MATH = YES;
				SDKROOT = iphoneos;
				SWIFT_COMPILATION_MODE = wholemodule;
				SWIFT_OPTIMIZATION_LEVEL = "-O";
				VALIDATE_PRODUCT = YES;
			};
			name = Release;
		};
		E54498C927FF665500066D6A /* Debug */ = {
			isa = XCBuildConfiguration;
			buildSettings = {
				ASSETCATALOG_COMPILER_APPICON_NAME = AppIcon;
				ASSETCATALOG_COMPILER_GLOBAL_ACCENT_COLOR_NAME = AccentColor;
				CODE_SIGN_STYLE = Automatic;
				CURRENT_PROJECT_VERSION = 1;
				DEVELOPMENT_TEAM = D77KYW7R36;
				GENERATE_INFOPLIST_FILE = YES;
				INFOPLIST_FILE = "SUA-Instagram/Info.plist";
				INFOPLIST_KEY_UIApplicationSupportsIndirectInputEvents = YES;
				INFOPLIST_KEY_UILaunchStoryboardName = LaunchScreen;
				INFOPLIST_KEY_UIMainStoryboardFile = Main;
				INFOPLIST_KEY_UISupportedInterfaceOrientations_iPad = "UIInterfaceOrientationPortrait UIInterfaceOrientationPortraitUpsideDown UIInterfaceOrientationLandscapeLeft UIInterfaceOrientationLandscapeRight";
				INFOPLIST_KEY_UISupportedInterfaceOrientations_iPhone = "UIInterfaceOrientationPortrait UIInterfaceOrientationLandscapeLeft UIInterfaceOrientationLandscapeRight";
				LD_RUNPATH_SEARCH_PATHS = (
					"$(inherited)",
					"@executable_path/Frameworks",
				);
				MARKETING_VERSION = 1.0;
				PRODUCT_BUNDLE_IDENTIFIER = "org.sopt.SUA-Instagram";
				PRODUCT_NAME = "$(TARGET_NAME)";
				SWIFT_EMIT_LOC_STRINGS = YES;
				SWIFT_VERSION = 5.0;
				TARGETED_DEVICE_FAMILY = "1,2";
			};
			name = Debug;
		};
		E54498CA27FF665500066D6A /* Release */ = {
			isa = XCBuildConfiguration;
			buildSettings = {
				ASSETCATALOG_COMPILER_APPICON_NAME = AppIcon;
				ASSETCATALOG_COMPILER_GLOBAL_ACCENT_COLOR_NAME = AccentColor;
				CODE_SIGN_STYLE = Automatic;
				CURRENT_PROJECT_VERSION = 1;
				DEVELOPMENT_TEAM = D77KYW7R36;
				GENERATE_INFOPLIST_FILE = YES;
				INFOPLIST_FILE = "SUA-Instagram/Info.plist";
				INFOPLIST_KEY_UIApplicationSupportsIndirectInputEvents = YES;
				INFOPLIST_KEY_UILaunchStoryboardName = LaunchScreen;
				INFOPLIST_KEY_UIMainStoryboardFile = Main;
				INFOPLIST_KEY_UISupportedInterfaceOrientations_iPad = "UIInterfaceOrientationPortrait UIInterfaceOrientationPortraitUpsideDown UIInterfaceOrientationLandscapeLeft UIInterfaceOrientationLandscapeRight";
				INFOPLIST_KEY_UISupportedInterfaceOrientations_iPhone = "UIInterfaceOrientationPortrait UIInterfaceOrientationLandscapeLeft UIInterfaceOrientationLandscapeRight";
				LD_RUNPATH_SEARCH_PATHS = (
					"$(inherited)",
					"@executable_path/Frameworks",
				);
				MARKETING_VERSION = 1.0;
				PRODUCT_BUNDLE_IDENTIFIER = "org.sopt.SUA-Instagram";
				PRODUCT_NAME = "$(TARGET_NAME)";
				SWIFT_EMIT_LOC_STRINGS = YES;
				SWIFT_VERSION = 5.0;
				TARGETED_DEVICE_FAMILY = "1,2";
			};
			name = Release;
		};
/* End XCBuildConfiguration section */

/* Begin XCConfigurationList section */
		E54498AF27FF665400066D6A /* Build configuration list for PBXProject "SUA-Instagram" */ = {
			isa = XCConfigurationList;
			buildConfigurations = (
				E54498C627FF665500066D6A /* Debug */,
				E54498C727FF665500066D6A /* Release */,
			);
			defaultConfigurationIsVisible = 0;
			defaultConfigurationName = Release;
		};
		E54498C827FF665500066D6A /* Build configuration list for PBXNativeTarget "SUA-Instagram" */ = {
			isa = XCConfigurationList;
			buildConfigurations = (
				E54498C927FF665500066D6A /* Debug */,
				E54498CA27FF665500066D6A /* Release */,
			);
			defaultConfigurationIsVisible = 0;
			defaultConfigurationName = Release;
		};
/* End XCConfigurationList section */
	};
	rootObject = E54498AC27FF665400066D6A /* Project object */;
}
